
Microsoft Visual Studio Solution File, Format Version 12.00
# Visual Studio Version 16
VisualStudioVersion = 16.0.29503.13
MinimumVisualStudioVersion = 10.0.40219.1
Project("{8BC9CEB8-8B4A-11D0-8D11-00A0C91BC942}") = "proga_laba_3_A_star", "proga_laba_3_A_star\proga_laba_3_A_star.vcxproj", "{F552028D-9E16-45E1-ABFE-0C0282D4C75E}"
EndProject
Global
	GlobalSection(SolutionConfigurationPlatforms) = preSolution
		Debug|x64 = Debug|x64
		Debug|x86 = Debug|x86
		Release|x64 = Release|x64
		Release|x86 = Release|x86
	EndGlobalSection
	GlobalSection(ProjectConfigurationPlatforms) = postSolution
		{F552028D-9E16-45E1-ABFE-0C0282D4C75E}.Debug|x64.ActiveCfg = Debug|x64
		{F552028D-9E16-45E1-ABFE-0C0282D4C75E}.Debug|x64.Build.0 = Debug|x64
		{F552028D-9E16-45E1-ABFE-0C0282D4C75E}.Debug|x86.ActiveCfg = Debug|Win32
		{F552028D-9E16-45E1-ABFE-0C0282D4C75E}.Debug|x86.Build.0 = Debug|Win32
		{F552028D-9E16-45E1-ABFE-0C0282D4C75E}.Release|x64.ActiveCfg = Release|x64
		{F552028D-9E16-45E1-ABFE-0C0282D4C75E}.Release|x64.Build.0 = Release|x64
		{F552028D-9E16-45E1-ABFE-0C0282D4C75E}.Release|x86.ActiveCfg = Release|Win32
		{F552028D-9E16-45E1-ABFE-0C0282D4C75E}.Release|x86.Build.0 = Release|Win32
	EndGlobalSection
	GlobalSection(SolutionProperties) = preSolution
		HideSolutionNode = FALSE
	EndGlobalSection
	GlobalSection(ExtensibilityGlobals) = postSolution
		SolutionGuid = {8698306A-6D20-4129-9B36-1F4A43D4E64D}
	EndGlobalSection
EndGlobal
